
Microsoft Visual Studio Solution File, Format Version 12.00
# Visual Studio 14
VisualStudioVersion = 14.0.24720.0
MinimumVisualStudioVersion = 10.0.40219.1
Project("{FAE04EC0-301F-11D3-BF4B-00C04F79EFBC}") = "Dashboard Azure", "Dashboard Azure\Dashboard Azure.csproj", "{5B852883-4A20-472D-A5F4-22CDD87E45F6}"
EndProject
Project("{FAE04EC0-301F-11D3-BF4B-00C04F79EFBC}") = "Data", "Database\Data.csproj", "{5DA49F0F-4498-4A77-B229-1A4022BCF29F}"
EndProject
Project("{FAE04EC0-301F-11D3-BF4B-00C04F79EFBC}") = "Model", "Model\Model.csproj", "{74F8EC9A-91DB-4A32-A6B4-49E9FEB1992B}"
EndProject
Global
	GlobalSection(SolutionConfigurationPlatforms) = preSolution
		Debug|Any CPU = Debug|Any CPU
		Release|Any CPU = Release|Any CPU
	EndGlobalSection
	GlobalSection(ProjectConfigurationPlatforms) = postSolution
		{5B852883-4A20-472D-A5F4-22CDD87E45F6}.Debug|Any CPU.ActiveCfg = Debug|Any CPU
		{5B852883-4A20-472D-A5F4-22CDD87E45F6}.Debug|Any CPU.Build.0 = Debug|Any CPU
		{5B852883-4A20-472D-A5F4-22CDD87E45F6}.Release|Any CPU.ActiveCfg = Release|Any CPU
		{5B852883-4A20-472D-A5F4-22CDD87E45F6}.Release|Any CPU.Build.0 = Release|Any CPU
		{5DA49F0F-4498-4A77-B229-1A4022BCF29F}.Debug|Any CPU.ActiveCfg = Debug|Any CPU
		{5DA49F0F-4498-4A77-B229-1A4022BCF29F}.Debug|Any CPU.Build.0 = Debug|Any CPU
		{5DA49F0F-4498-4A77-B229-1A4022BCF29F}.Release|Any CPU.ActiveCfg = Release|Any CPU
		{5DA49F0F-4498-4A77-B229-1A4022BCF29F}.Release|Any CPU.Build.0 = Release|Any CPU
		{74F8EC9A-91DB-4A32-A6B4-49E9FEB1992B}.Debug|Any CPU.ActiveCfg = Debug|Any CPU
		{74F8EC9A-91DB-4A32-A6B4-49E9FEB1992B}.Debug|Any CPU.Build.0 = Debug|Any CPU
		{74F8EC9A-91DB-4A32-A6B4-49E9FEB1992B}.Release|Any CPU.ActiveCfg = Release|Any CPU
		{74F8EC9A-91DB-4A32-A6B4-49E9FEB1992B}.Release|Any CPU.Build.0 = Release|Any CPU
	EndGlobalSection
	GlobalSection(SolutionProperties) = preSolution
		HideSolutionNode = FALSE
	EndGlobalSection
EndGlobal
